// !$*UTF8*$!
{
	archiveVersion = 1;
	classes = {
	};
	objectVersion = 56;
	objects = {

/* Begin PBXBuildFile section */
		25C179BA2C78E7FA00202C6D /* Sample_Project_SwiftUIApp.swift in Sources */ = {isa = PBXBuildFile; fileRef = 25C179B92C78E7FA00202C6D /* Sample_Project_SwiftUIApp.swift */; };
		25C179BC2C78E7FA00202C6D /* ContentView.swift in Sources */ = {isa = PBXBuildFile; fileRef = 25C179BB2C78E7FA00202C6D /* ContentView.swift */; };
		25C179BE2C78E7FA00202C6D /* Item.swift in Sources */ = {isa = PBXBuildFile; fileRef = 25C179BD2C78E7FA00202C6D /* Item.swift */; };
		25C179C02C78E7FC00202C6D /* Assets.xcassets in Resources */ = {isa = PBXBuildFile; fileRef = 25C179BF2C78E7FC00202C6D /* Assets.xcassets */; };
		25C179C32C78E7FC00202C6D /* Preview Assets.xcassets in Resources */ = {isa = PBXBuildFile; fileRef = 25C179C22C78E7FC00202C6D /* Preview Assets.xcassets */; };
		25C179CD2C78E7FC00202C6D /* Sample_Project_SwiftUITests.swift in Sources */ = {isa = PBXBuildFile; fileRef = 25C179CC2C78E7FC00202C6D /* Sample_Project_SwiftUITests.swift */; };
		25C179D72C78E7FC00202C6D /* Sample_Project_SwiftUIUITests.swift in Sources */ = {isa = PBXBuildFile; fileRef = 25C179D62C78E7FC00202C6D /* Sample_Project_SwiftUIUITests.swift */; };
		25C179D92C78E7FC00202C6D /* Sample_Project_SwiftUIUITestsLaunchTests.swift in Sources */ = {isa = PBXBuildFile; fileRef = 25C179D82C78E7FC00202C6D /* Sample_Project_SwiftUIUITestsLaunchTests.swift */; };
/* End PBXBuildFile section */

/* Begin PBXContainerItemProxy section */
		25C179C92C78E7FC00202C6D /* PBXContainerItemProxy */ = {
			isa = PBXContainerItemProxy;
			containerPortal = 25C179AE2C78E7FA00202C6D /* Project object */;
			proxyType = 1;
			remoteGlobalIDString = 25C179B52C78E7FA00202C6D;
			remoteInfo = "Sample Project SwiftUI";
		};
		25C179D32C78E7FC00202C6D /* PBXContainerItemProxy */ = {
			isa = PBXContainerItemProxy;
			containerPortal = 25C179AE2C78E7FA00202C6D /* Project object */;
			proxyType = 1;
			remoteGlobalIDString = 25C179B52C78E7FA00202C6D;
			remoteInfo = "Sample Project SwiftUI";
		};
/* End PBXContainerItemProxy section */

/* Begin PBXFileReference section */
		25C179B62C78E7FA00202C6D /* Sample Project SwiftUI.app */ = {isa = PBXFileReference; explicitFileType = wrapper.application; includeInIndex = 0; path = "Sample Project SwiftUI.app"; sourceTree = BUILT_PRODUCTS_DIR; };
		25C179B92C78E7FA00202C6D /* Sample_Project_SwiftUIApp.swift */ = {isa = PBXFileReference; lastKnownFileType = sourcecode.swift; path = Sample_Project_SwiftUIApp.swift; sourceTree = "<group>"; };
		25C179BB2C78E7FA00202C6D /* ContentView.swift */ = {isa = PBXFileReference; lastKnownFileType = sourcecode.swift; path = ContentView.swift; sourceTree = "<group>"; };
		25C179BD2C78E7FA00202C6D /* Item.swift */ = {isa = PBXFileReference; lastKnownFileType = sourcecode.swift; path = Item.swift; sourceTree = "<group>"; };
		25C179BF2C78E7FC00202C6D /* Assets.xcassets */ = {isa = PBXFileReference; lastKnownFileType = folder.assetcatalog; path = Assets.xcassets; sourceTree = "<group>"; };
		25C179C22C78E7FC00202C6D /* Preview Assets.xcassets */ = {isa = PBXFileReference; lastKnownFileType = folder.assetcatalog; path = "Preview Assets.xcassets"; sourceTree = "<group>"; };
		25C179C82C78E7FC00202C6D /* Sample Project SwiftUITests.xctest */ = {isa = PBXFileReference; explicitFileType = wrapper.cfbundle; includeInIndex = 0; path = "Sample Project SwiftUITests.xctest"; sourceTree = BUILT_PRODUCTS_DIR; };
		25C179CC2C78E7FC00202C6D /* Sample_Project_SwiftUITests.swift */ = {isa = PBXFileReference; lastKnownFileType = sourcecode.swift; path = Sample_Project_SwiftUITests.swift; sourceTree = "<group>"; };
		25C179D22C78E7FC00202C6D /* Sample Project SwiftUIUITests.xctest */ = {isa = PBXFileReference; explicitFileType = wrapper.cfbundle; includeInIndex = 0; path = "Sample Project SwiftUIUITests.xctest"; sourceTree = BUILT_PRODUCTS_DIR; };
		25C179D62C78E7FC00202C6D /* Sample_Project_SwiftUIUITests.swift */ = {isa = PBXFileReference; lastKnownFileType = sourcecode.swift; path = Sample_Project_SwiftUIUITests.swift; sourceTree = "<group>"; };
		25C179D82C78E7FC00202C6D /* Sample_Project_SwiftUIUITestsLaunchTests.swift */ = {isa = PBXFileReference; lastKnownFileType = sourcecode.swift; path = Sample_Project_SwiftUIUITestsLaunchTests.swift; sourceTree = "<group>"; };
/* End PBXFileReference section */

/* Begin PBXFrameworksBuildPhase section */
		25C179B32C78E7FA00202C6D /* Frameworks */ = {
			isa = PBXFrameworksBuildPhase;
			buildActionMask = 2147483647;
			files = (
			);
			runOnlyForDeploymentPostprocessing = 0;
		};
		25C179C52C78E7FC00202C6D /* Frameworks */ = {
			isa = PBXFrameworksBuildPhase;
			buildActionMask = 2147483647;
			files = (
			);
			runOnlyForDeploymentPostprocessing = 0;
		};
		25C179CF2C78E7FC00202C6D /* Frameworks */ = {
			isa = PBXFrameworksBuildPhase;
			buildActionMask = 2147483647;
			files = (
			);
			runOnlyForDeploymentPostprocessing = 0;
		};
/* End PBXFrameworksBuildPhase section */

/* Begin PBXGroup section */
		25C179AD2C78E7FA00202C6D = {
			isa = PBXGroup;
			children = (
				25C179B82C78E7FA00202C6D /* Sample Project SwiftUI */,
				25C179CB2C78E7FC00202C6D /* Sample Project SwiftUITests */,
				25C179D52C78E7FC00202C6D /* Sample Project SwiftUIUITests */,
				25C179B72C78E7FA00202C6D /* Products */,
			);
			sourceTree = "<group>";
		};
		25C179B72C78E7FA00202C6D /* Products */ = {
			isa = PBXGroup;
			children = (
				25C179B62C78E7FA00202C6D /* Sample Project SwiftUI.app */,
				25C179C82C78E7FC00202C6D /* Sample Project SwiftUITests.xctest */,
				25C179D22C78E7FC00202C6D /* Sample Project SwiftUIUITests.xctest */,
			);
			name = Products;
			sourceTree = "<group>";
		};
		25C179B82C78E7FA00202C6D /* Sample Project SwiftUI */ = {
			isa = PBXGroup;
			children = (
				25C179B92C78E7FA00202C6D /* Sample_Project_SwiftUIApp.swift */,
				25C179BB2C78E7FA00202C6D /* ContentView.swift */,
				25C179BD2C78E7FA00202C6D /* Item.swift */,
				25C179BF2C78E7FC00202C6D /* Assets.xcassets */,
				25C179C12C78E7FC00202C6D /* Preview Content */,
			);
			path = "Sample Project SwiftUI";
			sourceTree = "<group>";
		};
		25C179C12C78E7FC00202C6D /* Preview Content */ = {
			isa = PBXGroup;
			children = (
				25C179C22C78E7FC00202C6D /* Preview Assets.xcassets */,
			);
			path = "Preview Content";
			sourceTree = "<group>";
		};
		25C179CB2C78E7FC00202C6D /* Sample Project SwiftUITests */ = {
			isa = PBXGroup;
			children = (
				25C179CC2C78E7FC00202C6D /* Sample_Project_SwiftUITests.swift */,
			);
			path = "Sample Project SwiftUITests";
			sourceTree = "<group>";
		};
		25C179D52C78E7FC00202C6D /* Sample Project SwiftUIUITests */ = {
			isa = PBXGroup;
			children = (
				25C179D62C78E7FC00202C6D /* Sample_Project_SwiftUIUITests.swift */,
				25C179D82C78E7FC00202C6D /* Sample_Project_SwiftUIUITestsLaunchTests.swift */,
			);
			path = "Sample Project SwiftUIUITests";
			sourceTree = "<group>";
		};
/* End PBXGroup section */

/* Begin PBXNativeTarget section */
		25C179B52C78E7FA00202C6D /* Sample Project SwiftUI */ = {
			isa = PBXNativeTarget;
			buildConfigurationList = 25C179DC2C78E7FC00202C6D /* Build configuration list for PBXNativeTarget "Sample Project SwiftUI" */;
			buildPhases = (
				25C179B22C78E7FA00202C6D /* Sources */,
				25C179B32C78E7FA00202C6D /* Frameworks */,
				25C179B42C78E7FA00202C6D /* Resources */,
			);
			buildRules = (
			);
			dependencies = (
			);
			name = "Sample Project SwiftUI";
			productName = "Sample Project SwiftUI";
			productReference = 25C179B62C78E7FA00202C6D /* Sample Project SwiftUI.app */;
			productType = "com.apple.product-type.application";
		};
		25C179C72C78E7FC00202C6D /* Sample Project SwiftUITests */ = {
			isa = PBXNativeTarget;
			buildConfigurationList = 25C179DF2C78E7FC00202C6D /* Build configuration list for PBXNativeTarget "Sample Project SwiftUITests" */;
			buildPhases = (
				25C179C42C78E7FC00202C6D /* Sources */,
				25C179C52C78E7FC00202C6D /* Frameworks */,
				25C179C62C78E7FC00202C6D /* Resources */,
			);
			buildRules = (
			);
			dependencies = (
				25C179CA2C78E7FC00202C6D /* PBXTargetDependency */,
			);
			name = "Sample Project SwiftUITests";
			productName = "Sample Project SwiftUITests";
			productReference = 25C179C82C78E7FC00202C6D /* Sample Project SwiftUITests.xctest */;
			productType = "com.apple.product-type.bundle.unit-test";
		};
		25C179D12C78E7FC00202C6D /* Sample Project SwiftUIUITests */ = {
			isa = PBXNativeTarget;
			buildConfigurationList = 25C179E22C78E7FC00202C6D /* Build configuration list for PBXNativeTarget "Sample Project SwiftUIUITests" */;
			buildPhases = (
				25C179CE2C78E7FC00202C6D /* Sources */,
				25C179CF2C78E7FC00202C6D /* Frameworks */,
				25C179D02C78E7FC00202C6D /* Resources */,
			);
			buildRules = (
			);
			dependencies = (
				25C179D42C78E7FC00202C6D /* PBXTargetDependency */,
			);
			name = "Sample Project SwiftUIUITests";
			productName = "Sample Project SwiftUIUITests";
			productReference = 25C179D22C78E7FC00202C6D /* Sample Project SwiftUIUITests.xctest */;
			productType = "com.apple.product-type.bundle.ui-testing";
		};
/* End PBXNativeTarget section */

/* Begin PBXProject section */
		25C179AE2C78E7FA00202C6D /* Project object */ = {
			isa = PBXProject;
			attributes = {
				BuildIndependentTargetsInParallel = 1;
				LastSwiftUpdateCheck = 1520;
				LastUpgradeCheck = 1520;
				TargetAttributes = {
					25C179B52C78E7FA00202C6D = {
						CreatedOnToolsVersion = 15.2;
					};
					25C179C72C78E7FC00202C6D = {
						CreatedOnToolsVersion = 15.2;
						TestTargetID = 25C179B52C78E7FA00202C6D;
					};
					25C179D12C78E7FC00202C6D = {
						CreatedOnToolsVersion = 15.2;
						TestTargetID = 25C179B52C78E7FA00202C6D;
					};
				};
			};
			buildConfigurationList = 25C179B12C78E7FA00202C6D /* Build configuration list for PBXProject "Sample Project SwiftUI" */;
			compatibilityVersion = "Xcode 14.0";
			developmentRegion = en;
			hasScannedForEncodings = 0;
			knownRegions = (
				en,
				Base,
			);
			mainGroup = 25C179AD2C78E7FA00202C6D;
			productRefGroup = 25C179B72C78E7FA00202C6D /* Products */;
			projectDirPath = "";
			projectRoot = "";
			targets = (
				25C179B52C78E7FA00202C6D /* Sample Project SwiftUI */,
				25C179C72C78E7FC00202C6D /* Sample Project SwiftUITests */,
				25C179D12C78E7FC00202C6D /* Sample Project SwiftUIUITests */,
			);
		};
/* End PBXProject section */

/* Begin PBXResourcesBuildPhase section */
		25C179B42C78E7FA00202C6D /* Resources */ = {
			isa = PBXResourcesBuildPhase;
			buildActionMask = 2147483647;
			files = (
				25C179C32C78E7FC00202C6D /* Preview Assets.xcassets in Resources */,
				25C179C02C78E7FC00202C6D /* Assets.xcassets in Resources */,
			);
			runOnlyForDeploymentPostprocessing = 0;
		};
		25C179C62C78E7FC00202C6D /* Resources */ = {
			isa = PBXResourcesBuildPhase;
			buildActionMask = 2147483647;
			files = (
			);
			runOnlyForDeploymentPostprocessing = 0;
		};
		25C179D02C78E7FC00202C6D /* Resources */ = {
			isa = PBXResourcesBuildPhase;
			buildActionMask = 2147483647;
			files = (
			);
			runOnlyForDeploymentPostprocessing = 0;
		};
/* End PBXResourcesBuildPhase section */

/* Begin PBXSourcesBuildPhase section */
		25C179B22C78E7FA00202C6D /* Sources */ = {
			isa = PBXSourcesBuildPhase;
			buildActionMask = 2147483647;
			files = (
				25C179BC2C78E7FA00202C6D /* ContentView.swift in Sources */,
				25C179BE2C78E7FA00202C6D /* Item.swift in Sources */,
				25C179BA2C78E7FA00202C6D /* Sample_Project_SwiftUIApp.swift in Sources */,
			);
			runOnlyForDeploymentPostprocessing = 0;
		};
		25C179C42C78E7FC00202C6D /* Sources */ = {
			isa = PBXSourcesBuildPhase;
			buildActionMask = 2147483647;
			files = (
				25C179CD2C78E7FC00202C6D /* Sample_Project_SwiftUITests.swift in Sources */,
			);
			runOnlyForDeploymentPostprocessing = 0;
		};
		25C179CE2C78E7FC00202C6D /* Sources */ = {
			isa = PBXSourcesBuildPhase;
			buildActionMask = 2147483647;
			files = (
				25C179D92C78E7FC00202C6D /* Sample_Project_SwiftUIUITestsLaunchTests.swift in Sources */,
				25C179D72C78E7FC00202C6D /* Sample_Project_SwiftUIUITests.swift in Sources */,
			);
			runOnlyForDeploymentPostprocessing = 0;
		};
/* End PBXSourcesBuildPhase section */

/* Begin PBXTargetDependency section */
		25C179CA2C78E7FC00202C6D /* PBXTargetDependency */ = {
			isa = PBXTargetDependency;
			target = 25C179B52C78E7FA00202C6D /* Sample Project SwiftUI */;
			targetProxy = 25C179C92C78E7FC00202C6D /* PBXContainerItemProxy */;
		};
		25C179D42C78E7FC00202C6D /* PBXTargetDependency */ = {
			isa = PBXTargetDependency;
			target = 25C179B52C78E7FA00202C6D /* Sample Project SwiftUI */;
			targetProxy = 25C179D32C78E7FC00202C6D /* PBXContainerItemProxy */;
		};
/* End PBXTargetDependency section */

/* Begin XCBuildConfiguration section */
		25C179DA2C78E7FC00202C6D /* Debug */ = {
			isa = XCBuildConfiguration;
			buildSettings = {
				ALWAYS_SEARCH_USER_PATHS = NO;
				ASSETCATALOG_COMPILER_GENERATE_SWIFT_ASSET_SYMBOL_EXTENSIONS = YES;
				CLANG_ANALYZER_NONNULL = YES;
				CLANG_ANALYZER_NUMBER_OBJECT_CONVERSION = YES_AGGRESSIVE;
				CLANG_CXX_LANGUAGE_STANDARD = "gnu++20";
				CLANG_ENABLE_MODULES = YES;
				CLANG_ENABLE_OBJC_ARC = YES;
				CLANG_ENABLE_OBJC_WEAK = YES;
				CLANG_WARN_BLOCK_CAPTURE_AUTORELEASING = YES;
				CLANG_WARN_BOOL_CONVERSION = YES;
				CLANG_WARN_COMMA = YES;
				CLANG_WARN_CONSTANT_CONVERSION = YES;
				CLANG_WARN_DEPRECATED_OBJC_IMPLEMENTATIONS = YES;
				CLANG_WARN_DIRECT_OBJC_ISA_USAGE = YES_ERROR;
				CLANG_WARN_DOCUMENTATION_COMMENTS = YES;
				CLANG_WARN_EMPTY_BODY = YES;
				CLANG_WARN_ENUM_CONVERSION = YES;
				CLANG_WARN_INFINITE_RECURSION = YES;
				CLANG_WARN_INT_CONVERSION = YES;
				CLANG_WARN_NON_LITERAL_NULL_CONVERSION = YES;
				CLANG_WARN_OBJC_IMPLICIT_RETAIN_SELF = YES;
				CLANG_WARN_OBJC_LITERAL_CONVERSION = YES;
				CLANG_WARN_OBJC_ROOT_CLASS = YES_ERROR;
				CLANG_WARN_QUOTED_INCLUDE_IN_FRAMEWORK_HEADER = YES;
				CLANG_WARN_RANGE_LOOP_ANALYSIS = YES;
				CLANG_WARN_STRICT_PROTOTYPES = YES;
				CLANG_WARN_SUSPICIOUS_MOVE = YES;
				CLANG_WARN_UNGUARDED_AVAILABILITY = YES_AGGRESSIVE;
				CLANG_WARN_UNREACHABLE_CODE = YES;
				CLANG_WARN__DUPLICATE_METHOD_MATCH = YES;
				COPY_PHASE_STRIP = NO;
				DEBUG_INFORMATION_FORMAT = dwarf;
				ENABLE_STRICT_OBJC_MSGSEND = YES;
				ENABLE_TESTABILITY = YES;
				ENABLE_USER_SCRIPT_SANDBOXING = YES;
				GCC_C_LANGUAGE_STANDARD = gnu17;
				GCC_DYNAMIC_NO_PIC = NO;
				GCC_NO_COMMON_BLOCKS = YES;
				GCC_OPTIMIZATION_LEVEL = 0;
				GCC_PREPROCESSOR_DEFINITIONS = (
					"DEBUG=1",
					"$(inherited)",
				);
				GCC_WARN_64_TO_32_BIT_CONVERSION = YES;
				GCC_WARN_ABOUT_RETURN_TYPE = YES_ERROR;
				GCC_WARN_UNDECLARED_SELECTOR = YES;
				GCC_WARN_UNINITIALIZED_AUTOS = YES_AGGRESSIVE;
				GCC_WARN_UNUSED_FUNCTION = YES;
				GCC_WARN_UNUSED_VARIABLE = YES;
				IPHONEOS_DEPLOYMENT_TARGET = 17.2;
				LOCALIZATION_PREFERS_STRING_CATALOGS = YES;
				MTL_ENABLE_DEBUG_INFO = INCLUDE_SOURCE;
				MTL_FAST_MATH = YES;
				ONLY_ACTIVE_ARCH = YES;
				SDKROOT = iphoneos;
				SWIFT_ACTIVE_COMPILATION_CONDITIONS = "DEBUG $(inherited)";
				SWIFT_OPTIMIZATION_LEVEL = "-Onone";
			};
			name = Debug;
		};
		25C179DB2C78E7FC00202C6D /* Release */ = {
			isa = XCBuildConfiguration;
			buildSettings = {
				ALWAYS_SEARCH_USER_PATHS = NO;
				ASSETCATALOG_COMPILER_GENERATE_SWIFT_ASSET_SYMBOL_EXTENSIONS = YES;
				CLANG_ANALYZER_NONNULL = YES;
				CLANG_ANALYZER_NUMBER_OBJECT_CONVERSION = YES_AGGRESSIVE;
				CLANG_CXX_LANGUAGE_STANDARD = "gnu++20";
				CLANG_ENABLE_MODULES = YES;
				CLANG_ENABLE_OBJC_ARC = YES;
				CLANG_ENABLE_OBJC_WEAK = YES;
				CLANG_WARN_BLOCK_CAPTURE_AUTORELEASING = YES;
				CLANG_WARN_BOOL_CONVERSION = YES;
				CLANG_WARN_COMMA = YES;
				CLANG_WARN_CONSTANT_CONVERSION = YES;
				CLANG_WARN_DEPRECATED_OBJC_IMPLEMENTATIONS = YES;
				CLANG_WARN_DIRECT_OBJC_ISA_USAGE = YES_ERROR;
				CLANG_WARN_DOCUMENTATION_COMMENTS = YES;
				CLANG_WARN_EMPTY_BODY = YES;
				CLANG_WARN_ENUM_CONVERSION = YES;
				CLANG_WARN_INFINITE_RECURSION = YES;
				CLANG_WARN_INT_CONVERSION = YES;
				CLANG_WARN_NON_LITERAL_NULL_CONVERSION = YES;
				CLANG_WARN_OBJC_IMPLICIT_RETAIN_SELF = YES;
				CLANG_WARN_OBJC_LITERAL_CONVERSION = YES;
				CLANG_WARN_OBJC_ROOT_CLASS = YES_ERROR;
				CLANG_WARN_QUOTED_INCLUDE_IN_FRAMEWORK_HEADER = YES;
				CLANG_WARN_RANGE_LOOP_ANALYSIS = YES;
				CLANG_WARN_STRICT_PROTOTYPES = YES;
				CLANG_WARN_SUSPICIOUS_MOVE = YES;
				CLANG_WARN_UNGUARDED_AVAILABILITY = YES_AGGRESSIVE;
				CLANG_WARN_UNREACHABLE_CODE = YES;
				CLANG_WARN__DUPLICATE_METHOD_MATCH = YES;
				COPY_PHASE_STRIP = NO;
				DEBUG_INFORMATION_FORMAT = "dwarf-with-dsym";
				ENABLE_NS_ASSERTIONS = NO;
				ENABLE_STRICT_OBJC_MSGSEND = YES;
				ENABLE_USER_SCRIPT_SANDBOXING = YES;
				GCC_C_LANGUAGE_STANDARD = gnu17;
				GCC_NO_COMMON_BLOCKS = YES;
				GCC_WARN_64_TO_32_BIT_CONVERSION = YES;
				GCC_WARN_ABOUT_RETURN_TYPE = YES_ERROR;
				GCC_WARN_UNDECLARED_SELECTOR = YES;
				GCC_WARN_UNINITIALIZED_AUTOS = YES_AGGRESSIVE;
				GCC_WARN_UNUSED_FUNCTION = YES;
				GCC_WARN_UNUSED_VARIABLE = YES;
				IPHONEOS_DEPLOYMENT_TARGET = 17.2;
				LOCALIZATION_PREFERS_STRING_CATALOGS = YES;
				MTL_ENABLE_DEBUG_INFO = NO;
				MTL_FAST_MATH = YES;
				SDKROOT = iphoneos;
				SWIFT_COMPILATION_MODE = wholemodule;
				VALIDATE_PRODUCT = YES;
			};
			name = Release;
		};
		25C179DD2C78E7FC00202C6D /* Debug */ = {
			isa = XCBuildConfiguration;
			buildSettings = {
				ASSETCATALOG_COMPILER_APPICON_NAME = AppIcon;
				ASSETCATALOG_COMPILER_GLOBAL_ACCENT_COLOR_NAME = AccentColor;
				CODE_SIGN_STYLE = Automatic;
				CURRENT_PROJECT_VERSION = 1;
				DEVELOPMENT_ASSET_PATHS = "\"Sample Project SwiftUI/Preview Content\"";
				DEVELOPMENT_TEAM = 74KE6VKKSF;
				ENABLE_PREVIEWS = YES;
				GENERATE_INFOPLIST_FILE = YES;
				INFOPLIST_KEY_UIApplicationSceneManifest_Generation = YES;
				INFOPLIST_KEY_UIApplicationSupportsIndirectInputEvents = YES;
				INFOPLIST_KEY_UILaunchScreen_Generation = YES;
				INFOPLIST_KEY_UISupportedInterfaceOrientations_iPad = "UIInterfaceOrientationPortrait UIInterfaceOrientationPortraitUpsideDown UIInterfaceOrientationLandscapeLeft UIInterfaceOrientationLandscapeRight";
				INFOPLIST_KEY_UISupportedInterfaceOrientations_iPhone = "UIInterfaceOrientationPortrait UIInterfaceOrientationLandscapeLeft UIInterfaceOrientationLandscapeRight";
				LD_RUNPATH_SEARCH_PATHS = (
					"$(inherited)",
					"@executable_path/Frameworks",
				);
				MARKETING_VERSION = 1.0;
				PRODUCT_BUNDLE_IDENTIFIER = "com.denissvichkarev.Sample-Project-SwiftUI";
				PRODUCT_NAME = "$(TARGET_NAME)";
				SWIFT_EMIT_LOC_STRINGS = YES;
				SWIFT_VERSION = 5.0;
				TARGETED_DEVICE_FAMILY = "1,2";
			};
			name = Debug;
		};
		25C179DE2C78E7FC00202C6D /* Release */ = {
			isa = XCBuildConfiguration;
			buildSettings = {
				ASSETCATALOG_COMPILER_APPICON_NAME = AppIcon;
				ASSETCATALOG_COMPILER_GLOBAL_ACCENT_COLOR_NAME = AccentColor;
				CODE_SIGN_STYLE = Automatic;
				CURRENT_PROJECT_VERSION = 1;
				DEVELOPMENT_ASSET_PATHS = "\"Sample Project SwiftUI/Preview Content\"";
				DEVELOPMENT_TEAM = 74KE6VKKSF;
				ENABLE_PREVIEWS = YES;
				GENERATE_INFOPLIST_FILE = YES;
				INFOPLIST_KEY_UIApplicationSceneManifest_Generation = YES;
				INFOPLIST_KEY_UIApplicationSupportsIndirectInputEvents = YES;
				INFOPLIST_KEY_UILaunchScreen_Generation = YES;
				INFOPLIST_KEY_UISupportedInterfaceOrientations_iPad = "UIInterfaceOrientationPortrait UIInterfaceOrientationPortraitUpsideDown UIInterfaceOrientationLandscapeLeft UIInterfaceOrientationLandscapeRight";
				INFOPLIST_KEY_UISupportedInterfaceOrientations_iPhone = "UIInterfaceOrientationPortrait UIInterfaceOrientationLandscapeLeft UIInterfaceOrientationLandscapeRight";
				LD_RUNPATH_SEARCH_PATHS = (
					"$(inherited)",
					"@executable_path/Frameworks",
				);
				MARKETING_VERSION = 1.0;
				PRODUCT_BUNDLE_IDENTIFIER = "com.denissvichkarev.Sample-Project-SwiftUI";
				PRODUCT_NAME = "$(TARGET_NAME)";
				SWIFT_EMIT_LOC_STRINGS = YES;
				SWIFT_VERSION = 5.0;
				TARGETED_DEVICE_FAMILY = "1,2";
			};
			name = Release;
		};
		25C179E02C78E7FC00202C6D /* Debug */ = {
			isa = XCBuildConfiguration;
			buildSettings = {
				ALWAYS_EMBED_SWIFT_STANDARD_LIBRARIES = YES;
				BUNDLE_LOADER = "$(TEST_HOST)";
				CODE_SIGN_STYLE = Automatic;
				CURRENT_PROJECT_VERSION = 1;
				DEVELOPMENT_TEAM = 74KE6VKKSF;
				GENERATE_INFOPLIST_FILE = YES;
				IPHONEOS_DEPLOYMENT_TARGET = 17.2;
				MARKETING_VERSION = 1.0;
				PRODUCT_BUNDLE_IDENTIFIER = "com.denissvichkarev.Sample-Project-SwiftUITests";
				PRODUCT_NAME = "$(TARGET_NAME)";
				SWIFT_EMIT_LOC_STRINGS = NO;
				SWIFT_VERSION = 5.0;
				TARGETED_DEVICE_FAMILY = "1,2";
				TEST_HOST = "$(BUILT_PRODUCTS_DIR)/Sample Project SwiftUI.app/$(BUNDLE_EXECUTABLE_FOLDER_PATH)/Sample Project SwiftUI";
			};
			name = Debug;
		};
		25C179E12C78E7FC00202C6D /* Release */ = {
			isa = XCBuildConfiguration;
			buildSettings = {
				ALWAYS_EMBED_SWIFT_STANDARD_LIBRARIES = YES;
				BUNDLE_LOADER = "$(TEST_HOST)";
				CODE_SIGN_STYLE = Automatic;
				CURRENT_PROJECT_VERSION = 1;
				DEVELOPMENT_TEAM = 74KE6VKKSF;
				GENERATE_INFOPLIST_FILE = YES;
				IPHONEOS_DEPLOYMENT_TARGET = 17.2;
				MARKETING_VERSION = 1.0;
				PRODUCT_BUNDLE_IDENTIFIER = "com.denissvichkarev.Sample-Project-SwiftUITests";
				PRODUCT_NAME = "$(TARGET_NAME)";
				SWIFT_EMIT_LOC_STRINGS = NO;
				SWIFT_VERSION = 5.0;
				TARGETED_DEVICE_FAMILY = "1,2";
				TEST_HOST = "$(BUILT_PRODUCTS_DIR)/Sample Project SwiftUI.app/$(BUNDLE_EXECUTABLE_FOLDER_PATH)/Sample Project SwiftUI";
			};
			name = Release;
		};
		25C179E32C78E7FC00202C6D /* Debug */ = {
			isa = XCBuildConfiguration;
			buildSettings = {
				ALWAYS_EMBED_SWIFT_STANDARD_LIBRARIES = YES;
				CODE_SIGN_STYLE = Automatic;
				CURRENT_PROJECT_VERSION = 1;
				DEVELOPMENT_TEAM = 74KE6VKKSF;
				GENERATE_INFOPLIST_FILE = YES;
				MARKETING_VERSION = 1.0;
				PRODUCT_BUNDLE_IDENTIFIER = "com.denissvichkarev.Sample-Project-SwiftUIUITests";
				PRODUCT_NAME = "$(TARGET_NAME)";
				SWIFT_EMIT_LOC_STRINGS = NO;
				SWIFT_VERSION = 5.0;
				TARGETED_DEVICE_FAMILY = "1,2";
				TEST_TARGET_NAME = "Sample Project SwiftUI";
			};
			name = Debug;
		};
		25C179E42C78E7FC00202C6D /* Release */ = {
			isa = XCBuildConfiguration;
			buildSettings = {
				ALWAYS_EMBED_SWIFT_STANDARD_LIBRARIES = YES;
				CODE_SIGN_STYLE = Automatic;
				CURRENT_PROJECT_VERSION = 1;
				DEVELOPMENT_TEAM = 74KE6VKKSF;
				GENERATE_INFOPLIST_FILE = YES;
				MARKETING_VERSION = 1.0;
				PRODUCT_BUNDLE_IDENTIFIER = "com.denissvichkarev.Sample-Project-SwiftUIUITests";
				PRODUCT_NAME = "$(TARGET_NAME)";
				SWIFT_EMIT_LOC_STRINGS = NO;
				SWIFT_VERSION = 5.0;
				TARGETED_DEVICE_FAMILY = "1,2";
				TEST_TARGET_NAME = "Sample Project SwiftUI";
			};
			name = Release;
		};
/* End XCBuildConfiguration section */

/* Begin XCConfigurationList section */
		25C179B12C78E7FA00202C6D /* Build configuration list for PBXProject "Sample Project SwiftUI" */ = {
			isa = XCConfigurationList;
			buildConfigurations = (
				25C179DA2C78E7FC00202C6D /* Debug */,
				25C179DB2C78E7FC00202C6D /* Release */,
			);
			defaultConfigurationIsVisible = 0;
			defaultConfigurationName = Release;
		};
		25C179DC2C78E7FC00202C6D /* Build configuration list for PBXNativeTarget "Sample Project SwiftUI" */ = {
			isa = XCConfigurationList;
			buildConfigurations = (
				25C179DD2C78E7FC00202C6D /* Debug */,
				25C179DE2C78E7FC00202C6D /* Release */,
			);
			defaultConfigurationIsVisible = 0;
			defaultConfigurationName = Release;
		};
		25C179DF2C78E7FC00202C6D /* Build configuration list for PBXNativeTarget "Sample Project SwiftUITests" */ = {
			isa = XCConfigurationList;
			buildConfigurations = (
				25C179E02C78E7FC00202C6D /* Debug */,
				25C179E12C78E7FC00202C6D /* Release */,
			);
			defaultConfigurationIsVisible = 0;
			defaultConfigurationName = Release;
		};
		25C179E22C78E7FC00202C6D /* Build configuration list for PBXNativeTarget "Sample Project SwiftUIUITests" */ = {
			isa = XCConfigurationList;
			buildConfigurations = (
				25C179E32C78E7FC00202C6D /* Debug */,
				25C179E42C78E7FC00202C6D /* Release */,
			);
			defaultConfigurationIsVisible = 0;
			defaultConfigurationName = Release;
		};
/* End XCConfigurationList section */
	};
	rootObject = 25C179AE2C78E7FA00202C6D /* Project object */;
}
